// !$*UTF8*$!
{
	archiveVersion = 1;
	classes = {
	};
	objectVersion = 46;
	objects = {

/* Begin PBXBuildFile section */
		4C61A14D32DB9C652314F833 /* Pods_lily.framework in Frameworks */ = {isa = PBXBuildFile; fileRef = D90BD7BC4EE3F103958EF222 /* Pods_lily.framework */; };
		C138D1951F82B92200F5E19E /* LoginWebViewController.swift in Sources */ = {isa = PBXBuildFile; fileRef = C138D1941F82B92200F5E19E /* LoginWebViewController.swift */; };
		C138D1971F83FFB000F5E19E /* UserManager.swift in Sources */ = {isa = PBXBuildFile; fileRef = C138D1961F83FFB000F5E19E /* UserManager.swift */; };
		C1DC0BC71F75D6FE0005014A /* contest_guru_1024.jpg in Resources */ = {isa = PBXBuildFile; fileRef = C1DC0BC61F75D6FE0005014A /* contest_guru_1024.jpg */; };
		C1F0CEA41F78546500DFE5AD /* ContestSectionController.swift in Sources */ = {isa = PBXBuildFile; fileRef = C1F0CEA31F78546500DFE5AD /* ContestSectionController.swift */; };
		C1F451801F673DC00033DAEF /* AppDelegate.swift in Sources */ = {isa = PBXBuildFile; fileRef = C1F4517F1F673DC00033DAEF /* AppDelegate.swift */; };
		C1F451871F673DC00033DAEF /* Assets.xcassets in Resources */ = {isa = PBXBuildFile; fileRef = C1F451861F673DC00033DAEF /* Assets.xcassets */; };
		C1F4518A1F673DC00033DAEF /* LaunchScreen.storyboard in Resources */ = {isa = PBXBuildFile; fileRef = C1F451881F673DC00033DAEF /* LaunchScreen.storyboard */; };
		C1F451951F673DC00033DAEF /* lilyTests.swift in Sources */ = {isa = PBXBuildFile; fileRef = C1F451941F673DC00033DAEF /* lilyTests.swift */; };
		C1F451A01F673DC00033DAEF /* lilyUITests.swift in Sources */ = {isa = PBXBuildFile; fileRef = C1F4519F1F673DC00033DAEF /* lilyUITests.swift */; };
		C1F451B51F67405E0033DAEF /* contest_guru_20@2x.png in Resources */ = {isa = PBXBuildFile; fileRef = C1F451AE1F67405E0033DAEF /* contest_guru_20@2x.png */; };
		C1F451B61F67405E0033DAEF /* contest_guru_20@3x.png in Resources */ = {isa = PBXBuildFile; fileRef = C1F451AF1F67405E0033DAEF /* contest_guru_20@3x.png */; };
		C1F451B71F67405E0033DAEF /* contest_guru_29@2x.png in Resources */ = {isa = PBXBuildFile; fileRef = C1F451B01F67405E0033DAEF /* contest_guru_29@2x.png */; };
		C1F451B81F67405E0033DAEF /* contest_guru_29@3x.png in Resources */ = {isa = PBXBuildFile; fileRef = C1F451B11F67405E0033DAEF /* contest_guru_29@3x.png */; };
		C1F451B91F67405E0033DAEF /* contest_guru_40@2x.png in Resources */ = {isa = PBXBuildFile; fileRef = C1F451B21F67405E0033DAEF /* contest_guru_40@2x.png */; };
		C1F451BA1F67405E0033DAEF /* contest_guru_60@2x.png in Resources */ = {isa = PBXBuildFile; fileRef = C1F451B31F67405E0033DAEF /* contest_guru_60@2x.png */; };
		C1F451BB1F67405E0033DAEF /* contest_guru_60@3x.png in Resources */ = {isa = PBXBuildFile; fileRef = C1F451B41F67405E0033DAEF /* contest_guru_60@3x.png */; };
		C1F451BE1F69A3170033DAEF /* MainCoordinator.swift in Sources */ = {isa = PBXBuildFile; fileRef = C1F451BD1F69A3170033DAEF /* MainCoordinator.swift */; };
		C1F451C11F69AFF40033DAEF /* MainViewController.swift in Sources */ = {isa = PBXBuildFile; fileRef = C1F451C01F69AFF40033DAEF /* MainViewController.swift */; };
		C1F451C31F69B0A00033DAEF /* ContestViewController.swift in Sources */ = {isa = PBXBuildFile; fileRef = C1F451C21F69B0A00033DAEF /* ContestViewController.swift */; };
		C1F451C51F69B0B10033DAEF /* CreateContestViewController.swift in Sources */ = {isa = PBXBuildFile; fileRef = C1F451C41F69B0B10033DAEF /* CreateContestViewController.swift */; };
		C1F451C71F69B0D80033DAEF /* ResultsViewController.swift in Sources */ = {isa = PBXBuildFile; fileRef = C1F451C61F69B0D80033DAEF /* ResultsViewController.swift */; };
		C1F451C91F69B0EA0033DAEF /* CreateContestCoordinator.swift in Sources */ = {isa = PBXBuildFile; fileRef = C1F451C81F69B0EA0033DAEF /* CreateContestCoordinator.swift */; };
		C1F451CB1F69B0F90033DAEF /* ViewContestCoordinator.swift in Sources */ = {isa = PBXBuildFile; fileRef = C1F451CA1F69B0F90033DAEF /* ViewContestCoordinator.swift */; };
		C1F451CD1F69D20B0033DAEF /* Coordinator.swift in Sources */ = {isa = PBXBuildFile; fileRef = C1F451CC1F69D20B0033DAEF /* Coordinator.swift */; };
		C1F451CF1F69D4C70033DAEF /* Contest.swift in Sources */ = {isa = PBXBuildFile; fileRef = C1F451CE1F69D4C70033DAEF /* Contest.swift */; };
		C1F451D21F6A49A70033DAEF /* BaseViewModelViewController.swift in Sources */ = {isa = PBXBuildFile; fileRef = C1F451D11F6A49A70033DAEF /* BaseViewModelViewController.swift */; };
		C1F451D51F6AE29F0033DAEF /* MainViewModel.swift in Sources */ = {isa = PBXBuildFile; fileRef = C1F451D41F6AE29F0033DAEF /* MainViewModel.swift */; };
		C1F451D81F6AE4B40033DAEF /* DataProvider.swift in Sources */ = {isa = PBXBuildFile; fileRef = C1F451D71F6AE4B40033DAEF /* DataProvider.swift */; };
		C1F451DA1F6AE56A0033DAEF /* NodeDataProvider.swift in Sources */ = {isa = PBXBuildFile; fileRef = C1F451D91F6AE56A0033DAEF /* NodeDataProvider.swift */; };
		C1F451DE1F6AF7220033DAEF /* TestInstagramDataProvider.swift in Sources */ = {isa = PBXBuildFile; fileRef = C1F451DD1F6AF7220033DAEF /* TestInstagramDataProvider.swift */; };
		C1F451E01F6B1BAB0033DAEF /* Media.swift in Sources */ = {isa = PBXBuildFile; fileRef = C1F451DF1F6B1BAB0033DAEF /* Media.swift */; };
		C1F451E91F6B3AD90033DAEF /* ContestCollectionViewCell.swift in Sources */ = {isa = PBXBuildFile; fileRef = C1F451E81F6B3AD90033DAEF /* ContestCollectionViewCell.swift */; };
		C1F451EC1F6B426B0033DAEF /* UIImageView+fromUrl.swift in Sources */ = {isa = PBXBuildFile; fileRef = C1F451EB1F6B426B0033DAEF /* UIImageView+fromUrl.swift */; };
		C1F451EF1F6CA50D0033DAEF /* Globals.swift in Sources */ = {isa = PBXBuildFile; fileRef = C1F451EE1F6CA50D0033DAEF /* Globals.swift */; };
		C1F451F11F6CA5390033DAEF /* UIColor+instagram.swift in Sources */ = {isa = PBXBuildFile; fileRef = C1F451F01F6CA5390033DAEF /* UIColor+instagram.swift */; };
		C1F451FD1F6CD6AA0033DAEF /* public-icon.png in Resources */ = {isa = PBXBuildFile; fileRef = C1F451FA1F6CD6AA0033DAEF /* public-icon.png */; };
		C1F451FF1F6CDAE80033DAEF /* AppCoordinator.swift in Sources */ = {isa = PBXBuildFile; fileRef = C1F451FE1F6CDAE80033DAEF /* AppCoordinator.swift */; };
		C1F452051F6F8F570033DAEF /* profile-icon.png in Resources */ = {isa = PBXBuildFile; fileRef = C1F452001F6F8F570033DAEF /* profile-icon.png */; };
		C1F452061F6F8F570033DAEF /* profile-icon@2x.png in Resources */ = {isa = PBXBuildFile; fileRef = C1F452011F6F8F570033DAEF /* profile-icon@2x.png */; };
		C1F452071F6F8F570033DAEF /* profile-icon@3x.png in Resources */ = {isa = PBXBuildFile; fileRef = C1F452021F6F8F570033DAEF /* profile-icon@3x.png */; };
		C1F452081F6F8F570033DAEF /* public-icon@2x.png in Resources */ = {isa = PBXBuildFile; fileRef = C1F452031F6F8F570033DAEF /* public-icon@2x.png */; };
		C1F452091F6F8F570033DAEF /* public-icon@3x.png in Resources */ = {isa = PBXBuildFile; fileRef = C1F452041F6F8F570033DAEF /* public-icon@3x.png */; };
/* End PBXBuildFile section */

/* Begin PBXContainerItemProxy section */
		C1F451911F673DC00033DAEF /* PBXContainerItemProxy */ = {
			isa = PBXContainerItemProxy;
			containerPortal = C1F451741F673DC00033DAEF /* Project object */;
			proxyType = 1;
			remoteGlobalIDString = C1F4517B1F673DC00033DAEF;
			remoteInfo = lily;
		};
		C1F4519C1F673DC00033DAEF /* PBXContainerItemProxy */ = {
			isa = PBXContainerItemProxy;
			containerPortal = C1F451741F673DC00033DAEF /* Project object */;
			proxyType = 1;
			remoteGlobalIDString = C1F4517B1F673DC00033DAEF;
			remoteInfo = lily;
		};
/* End PBXContainerItemProxy section */

/* Begin PBXCopyFilesBuildPhase section */
		C1F451E41F6B1E230033DAEF /* Embed Frameworks */ = {
			isa = PBXCopyFilesBuildPhase;
			buildActionMask = 2147483647;
			dstPath = "";
			dstSubfolderSpec = 10;
			files = (
			);
			name = "Embed Frameworks";
			runOnlyForDeploymentPostprocessing = 0;
		};
/* End PBXCopyFilesBuildPhase section */

/* Begin PBXFileReference section */
		3697ADDDEF4FB8CF1CC450D6 /* Pods-lily.debug.xcconfig */ = {isa = PBXFileReference; includeInIndex = 1; lastKnownFileType = text.xcconfig; name = "Pods-lily.debug.xcconfig"; path = "Pods/Target Support Files/Pods-lily/Pods-lily.debug.xcconfig"; sourceTree = "<group>"; };
		55F87B504469E9E8CB0AC8F2 /* Pods-lily.release.xcconfig */ = {isa = PBXFileReference; includeInIndex = 1; lastKnownFileType = text.xcconfig; name = "Pods-lily.release.xcconfig"; path = "Pods/Target Support Files/Pods-lily/Pods-lily.release.xcconfig"; sourceTree = "<group>"; };
		C138D1941F82B92200F5E19E /* LoginWebViewController.swift */ = {isa = PBXFileReference; lastKnownFileType = sourcecode.swift; name = LoginWebViewController.swift; path = Controllers/LoginWebViewController.swift; sourceTree = "<group>"; };
		C138D1961F83FFB000F5E19E /* UserManager.swift */ = {isa = PBXFileReference; lastKnownFileType = sourcecode.swift; name = UserManager.swift; path = Utils/UserManager.swift; sourceTree = "<group>"; };
		C1DC0BC61F75D6FE0005014A /* contest_guru_1024.jpg */ = {isa = PBXFileReference; lastKnownFileType = image.jpeg; name = contest_guru_1024.jpg; path = Icons/contest_guru_1024.jpg; sourceTree = "<group>"; };
		C1F0CEA31F78546500DFE5AD /* ContestSectionController.swift */ = {isa = PBXFileReference; lastKnownFileType = sourcecode.swift; name = ContestSectionController.swift; path = "Section Controllers/ContestSectionController.swift"; sourceTree = "<group>"; };
		C1F4517C1F673DC00033DAEF /* lily.app */ = {isa = PBXFileReference; explicitFileType = wrapper.application; includeInIndex = 0; path = lily.app; sourceTree = BUILT_PRODUCTS_DIR; };
		C1F4517F1F673DC00033DAEF /* AppDelegate.swift */ = {isa = PBXFileReference; lastKnownFileType = sourcecode.swift; path = AppDelegate.swift; sourceTree = "<group>"; };
		C1F451861F673DC00033DAEF /* Assets.xcassets */ = {isa = PBXFileReference; lastKnownFileType = folder.assetcatalog; path = Assets.xcassets; sourceTree = "<group>"; };
		C1F451891F673DC00033DAEF /* Base */ = {isa = PBXFileReference; lastKnownFileType = file.storyboard; name = Base; path = Base.lproj/LaunchScreen.storyboard; sourceTree = "<group>"; };
		C1F4518B1F673DC00033DAEF /* Info.plist */ = {isa = PBXFileReference; lastKnownFileType = text.plist.xml; path = Info.plist; sourceTree = "<group>"; };
		C1F451901F673DC00033DAEF /* lilyTests.xctest */ = {isa = PBXFileReference; explicitFileType = wrapper.cfbundle; includeInIndex = 0; path = lilyTests.xctest; sourceTree = BUILT_PRODUCTS_DIR; };
		C1F451941F673DC00033DAEF /* lilyTests.swift */ = {isa = PBXFileReference; lastKnownFileType = sourcecode.swift; path = lilyTests.swift; sourceTree = "<group>"; };
		C1F451961F673DC00033DAEF /* Info.plist */ = {isa = PBXFileReference; lastKnownFileType = text.plist.xml; path = Info.plist; sourceTree = "<group>"; };
		C1F4519B1F673DC00033DAEF /* lilyUITests.xctest */ = {isa = PBXFileReference; explicitFileType = wrapper.cfbundle; includeInIndex = 0; path = lilyUITests.xctest; sourceTree = BUILT_PRODUCTS_DIR; };
		C1F4519F1F673DC00033DAEF /* lilyUITests.swift */ = {isa = PBXFileReference; lastKnownFileType = sourcecode.swift; path = lilyUITests.swift; sourceTree = "<group>"; };
		C1F451A11F673DC00033DAEF /* Info.plist */ = {isa = PBXFileReference; lastKnownFileType = text.plist.xml; path = Info.plist; sourceTree = "<group>"; };
		C1F451AE1F67405E0033DAEF /* contest_guru_20@2x.png */ = {isa = PBXFileReference; lastKnownFileType = image.png; name = "contest_guru_20@2x.png"; path = "Icons/contest_guru_20@2x.png"; sourceTree = "<group>"; };
		C1F451AF1F67405E0033DAEF /* contest_guru_20@3x.png */ = {isa = PBXFileReference; lastKnownFileType = image.png; name = "contest_guru_20@3x.png"; path = "Icons/contest_guru_20@3x.png"; sourceTree = "<group>"; };
		C1F451B01F67405E0033DAEF /* contest_guru_29@2x.png */ = {isa = PBXFileReference; lastKnownFileType = image.png; name = "contest_guru_29@2x.png"; path = "Icons/contest_guru_29@2x.png"; sourceTree = "<group>"; };
		C1F451B11F67405E0033DAEF /* contest_guru_29@3x.png */ = {isa = PBXFileReference; lastKnownFileType = image.png; name = "contest_guru_29@3x.png"; path = "Icons/contest_guru_29@3x.png"; sourceTree = "<group>"; };
		C1F451B21F67405E0033DAEF /* contest_guru_40@2x.png */ = {isa = PBXFileReference; lastKnownFileType = image.png; name = "contest_guru_40@2x.png"; path = "Icons/contest_guru_40@2x.png"; sourceTree = "<group>"; };
		C1F451B31F67405E0033DAEF /* contest_guru_60@2x.png */ = {isa = PBXFileReference; lastKnownFileType = image.png; name = "contest_guru_60@2x.png"; path = "Icons/contest_guru_60@2x.png"; sourceTree = "<group>"; };
		C1F451B41F67405E0033DAEF /* contest_guru_60@3x.png */ = {isa = PBXFileReference; lastKnownFileType = image.png; name = "contest_guru_60@3x.png"; path = "Icons/contest_guru_60@3x.png"; sourceTree = "<group>"; };
		C1F451BD1F69A3170033DAEF /* MainCoordinator.swift */ = {isa = PBXFileReference; fileEncoding = 4; lastKnownFileType = sourcecode.swift; name = MainCoordinator.swift; path = Coordinators/MainCoordinator.swift; sourceTree = "<group>"; };
		C1F451C01F69AFF40033DAEF /* MainViewController.swift */ = {isa = PBXFileReference; fileEncoding = 4; lastKnownFileType = sourcecode.swift; name = MainViewController.swift; path = Controllers/MainViewController.swift; sourceTree = "<group>"; };
		C1F451C21F69B0A00033DAEF /* ContestViewController.swift */ = {isa = PBXFileReference; fileEncoding = 4; lastKnownFileType = sourcecode.swift; name = ContestViewController.swift; path = Controllers/ContestViewController.swift; sourceTree = "<group>"; };
		C1F451C41F69B0B10033DAEF /* CreateContestViewController.swift */ = {isa = PBXFileReference; fileEncoding = 4; lastKnownFileType = sourcecode.swift; name = CreateContestViewController.swift; path = Controllers/CreateContestViewController.swift; sourceTree = "<group>"; };
		C1F451C61F69B0D80033DAEF /* ResultsViewController.swift */ = {isa = PBXFileReference; fileEncoding = 4; lastKnownFileType = sourcecode.swift; name = ResultsViewController.swift; path = Controllers/ResultsViewController.swift; sourceTree = "<group>"; };
		C1F451C81F69B0EA0033DAEF /* CreateContestCoordinator.swift */ = {isa = PBXFileReference; fileEncoding = 4; lastKnownFileType = sourcecode.swift; name = CreateContestCoordinator.swift; path = Coordinators/CreateContestCoordinator.swift; sourceTree = "<group>"; };
		C1F451CA1F69B0F90033DAEF /* ViewContestCoordinator.swift */ = {isa = PBXFileReference; fileEncoding = 4; lastKnownFileType = sourcecode.swift; name = ViewContestCoordinator.swift; path = Coordinators/ViewContestCoordinator.swift; sourceTree = "<group>"; };
		C1F451CC1F69D20B0033DAEF /* Coordinator.swift */ = {isa = PBXFileReference; fileEncoding = 4; lastKnownFileType = sourcecode.swift; name = Coordinator.swift; path = Coordinators/Coordinator.swift; sourceTree = "<group>"; };
		C1F451CE1F69D4C70033DAEF /* Contest.swift */ = {isa = PBXFileReference; fileEncoding = 4; lastKnownFileType = sourcecode.swift; name = Contest.swift; path = Models/Contest.swift; sourceTree = "<group>"; };
		C1F451D11F6A49A70033DAEF /* BaseViewModelViewController.swift */ = {isa = PBXFileReference; fileEncoding = 4; lastKnownFileType = sourcecode.swift; name = BaseViewModelViewController.swift; path = Controllers/BaseViewModelViewController.swift; sourceTree = "<group>"; };
		C1F451D41F6AE29F0033DAEF /* MainViewModel.swift */ = {isa = PBXFileReference; fileEncoding = 4; lastKnownFileType = sourcecode.swift; name = MainViewModel.swift; path = ViewModels/MainViewModel.swift; sourceTree = "<group>"; };
		C1F451D71F6AE4B40033DAEF /* DataProvider.swift */ = {isa = PBXFileReference; fileEncoding = 4; lastKnownFileType = sourcecode.swift; name = DataProvider.swift; path = Services/DataProvider.swift; sourceTree = "<group>"; };
		C1F451D91F6AE56A0033DAEF /* NodeDataProvider.swift */ = {isa = PBXFileReference; fileEncoding = 4; lastKnownFileType = sourcecode.swift; name = NodeDataProvider.swift; path = Services/NodeDataProvider.swift; sourceTree = "<group>"; };
		C1F451DD1F6AF7220033DAEF /* TestInstagramDataProvider.swift */ = {isa = PBXFileReference; fileEncoding = 4; lastKnownFileType = sourcecode.swift; name = TestInstagramDataProvider.swift; path = Services/TestInstagramDataProvider.swift; sourceTree = "<group>"; };
		C1F451DF1F6B1BAB0033DAEF /* Media.swift */ = {isa = PBXFileReference; fileEncoding = 4; lastKnownFileType = sourcecode.swift; name = Media.swift; path = Models/Media.swift; sourceTree = "<group>"; };
		C1F451E81F6B3AD90033DAEF /* ContestCollectionViewCell.swift */ = {isa = PBXFileReference; fileEncoding = 4; lastKnownFileType = sourcecode.swift; name = ContestCollectionViewCell.swift; path = Views/ContestCollectionViewCell.swift; sourceTree = "<group>"; };
		C1F451EB1F6B426B0033DAEF /* UIImageView+fromUrl.swift */ = {isa = PBXFileReference; fileEncoding = 4; lastKnownFileType = sourcecode.swift; name = "UIImageView+fromUrl.swift"; path = "Extensions/UIImageView+fromUrl.swift"; sourceTree = "<group>"; };
		C1F451EE1F6CA50D0033DAEF /* Globals.swift */ = {isa = PBXFileReference; fileEncoding = 4; lastKnownFileType = sourcecode.swift; name = Globals.swift; path = Utils/Globals.swift; sourceTree = "<group>"; };
		C1F451F01F6CA5390033DAEF /* UIColor+instagram.swift */ = {isa = PBXFileReference; fileEncoding = 4; lastKnownFileType = sourcecode.swift; name = "UIColor+instagram.swift"; path = "Extensions/UIColor+instagram.swift"; sourceTree = "<group>"; };
		C1F451FA1F6CD6AA0033DAEF /* public-icon.png */ = {isa = PBXFileReference; lastKnownFileType = image.png; name = "public-icon.png"; path = "Icons/public-icon.png"; sourceTree = "<group>"; };
		C1F451FE1F6CDAE80033DAEF /* AppCoordinator.swift */ = {isa = PBXFileReference; fileEncoding = 4; lastKnownFileType = sourcecode.swift; name = AppCoordinator.swift; path = Coordinators/AppCoordinator.swift; sourceTree = "<group>"; };
		C1F452001F6F8F570033DAEF /* profile-icon.png */ = {isa = PBXFileReference; lastKnownFileType = image.png; name = "profile-icon.png"; path = "Icons/profile-icon.png"; sourceTree = "<group>"; };
		C1F452011F6F8F570033DAEF /* profile-icon@2x.png */ = {isa = PBXFileReference; lastKnownFileType = image.png; name = "profile-icon@2x.png"; path = "Icons/profile-icon@2x.png"; sourceTree = "<group>"; };
		C1F452021F6F8F570033DAEF /* profile-icon@3x.png */ = {isa = PBXFileReference; lastKnownFileType = image.png; name = "profile-icon@3x.png"; path = "Icons/profile-icon@3x.png"; sourceTree = "<group>"; };
		C1F452031F6F8F570033DAEF /* public-icon@2x.png */ = {isa = PBXFileReference; lastKnownFileType = image.png; name = "public-icon@2x.png"; path = "Icons/public-icon@2x.png"; sourceTree = "<group>"; };
		C1F452041F6F8F570033DAEF /* public-icon@3x.png */ = {isa = PBXFileReference; lastKnownFileType = image.png; name = "public-icon@3x.png"; path = "Icons/public-icon@3x.png"; sourceTree = "<group>"; };
		D90BD7BC4EE3F103958EF222 /* Pods_lily.framework */ = {isa = PBXFileReference; explicitFileType = wrapper.framework; includeInIndex = 0; path = Pods_lily.framework; sourceTree = BUILT_PRODUCTS_DIR; };
/* End PBXFileReference section */

/* Begin PBXFrameworksBuildPhase section */
		C1F451791F673DC00033DAEF /* Frameworks */ = {
			isa = PBXFrameworksBuildPhase;
			buildActionMask = 2147483647;
			files = (
				4C61A14D32DB9C652314F833 /* Pods_lily.framework in Frameworks */,
			);
			runOnlyForDeploymentPostprocessing = 0;
		};
		C1F4518D1F673DC00033DAEF /* Frameworks */ = {
			isa = PBXFrameworksBuildPhase;
			buildActionMask = 2147483647;
			files = (
			);
			runOnlyForDeploymentPostprocessing = 0;
		};
		C1F451981F673DC00033DAEF /* Frameworks */ = {
			isa = PBXFrameworksBuildPhase;
			buildActionMask = 2147483647;
			files = (
			);
			runOnlyForDeploymentPostprocessing = 0;
		};
/* End PBXFrameworksBuildPhase section */

/* Begin PBXGroup section */
		2228162EE821CBAF9F3DF17D /* Pods */ = {
			isa = PBXGroup;
			children = (
				3697ADDDEF4FB8CF1CC450D6 /* Pods-lily.debug.xcconfig */,
				55F87B504469E9E8CB0AC8F2 /* Pods-lily.release.xcconfig */,
			);
			name = Pods;
			sourceTree = "<group>";
		};
		6032BF60DA6F56AF6E9B5C27 /* Frameworks */ = {
			isa = PBXGroup;
			children = (
				D90BD7BC4EE3F103958EF222 /* Pods_lily.framework */,
			);
			name = Frameworks;
			sourceTree = "<group>";
		};
		C1F0CEA21F78544200DFE5AD /* sectioncontrollers */ = {
			isa = PBXGroup;
			children = (
				C1F0CEA31F78546500DFE5AD /* ContestSectionController.swift */,
			);
			name = sectioncontrollers;
			sourceTree = "<group>";
		};
		C1F451731F673DC00033DAEF = {
			isa = PBXGroup;
			children = (
				C1F4517E1F673DC00033DAEF /* lily */,
				C1F451931F673DC00033DAEF /* lilyTests */,
				C1F4519E1F673DC00033DAEF /* lilyUITests */,
				C1F4517D1F673DC00033DAEF /* Products */,
				2228162EE821CBAF9F3DF17D /* Pods */,
				6032BF60DA6F56AF6E9B5C27 /* Frameworks */,
			);
			sourceTree = "<group>";
		};
		C1F4517D1F673DC00033DAEF /* Products */ = {
			isa = PBXGroup;
			children = (
				C1F4517C1F673DC00033DAEF /* lily.app */,
				C1F451901F673DC00033DAEF /* lilyTests.xctest */,
				C1F4519B1F673DC00033DAEF /* lilyUITests.xctest */,
			);
			name = Products;
			sourceTree = "<group>";
		};
		C1F4517E1F673DC00033DAEF /* lily */ = {
			isa = PBXGroup;
			children = (
				C1F451AD1F673F550033DAEF /* icons */,
				C1F451EA1F6B423F0033DAEF /* extensions */,
				C1F451BC1F69A2F10033DAEF /* coordinators */,
				C1F0CEA21F78544200DFE5AD /* sectioncontrollers */,
				C1F451BF1F69AFB70033DAEF /* controllers */,
				C1F451D31F6A49F10033DAEF /* viewmodels */,
				C1F451E51F6B3A900033DAEF /* views */,
				C1F451D01F69D4CE0033DAEF /* models */,
				C1F451D61F6AE49B0033DAEF /* services */,
				C1F451ED1F6CA4F10033DAEF /* utils */,
				C1F4517F1F673DC00033DAEF /* AppDelegate.swift */,
				C1F451861F673DC00033DAEF /* Assets.xcassets */,
				C1F451881F673DC00033DAEF /* LaunchScreen.storyboard */,
				C1F4518B1F673DC00033DAEF /* Info.plist */,
			);
			path = lily;
			sourceTree = "<group>";
		};
		C1F451931F673DC00033DAEF /* lilyTests */ = {
			isa = PBXGroup;
			children = (
				C1F451941F673DC00033DAEF /* lilyTests.swift */,
				C1F451961F673DC00033DAEF /* Info.plist */,
			);
			path = lilyTests;
			sourceTree = "<group>";
		};
		C1F4519E1F673DC00033DAEF /* lilyUITests */ = {
			isa = PBXGroup;
			children = (
				C1F4519F1F673DC00033DAEF /* lilyUITests.swift */,
				C1F451A11F673DC00033DAEF /* Info.plist */,
			);
			path = lilyUITests;
			sourceTree = "<group>";
		};
		C1F451AD1F673F550033DAEF /* icons */ = {
			isa = PBXGroup;
			children = (
				C1F452001F6F8F570033DAEF /* profile-icon.png */,
				C1F452011F6F8F570033DAEF /* profile-icon@2x.png */,
				C1F452021F6F8F570033DAEF /* profile-icon@3x.png */,
				C1F451FA1F6CD6AA0033DAEF /* public-icon.png */,
				C1F452031F6F8F570033DAEF /* public-icon@2x.png */,
				C1F452041F6F8F570033DAEF /* public-icon@3x.png */,
				C1F451AE1F67405E0033DAEF /* contest_guru_20@2x.png */,
				C1F451AF1F67405E0033DAEF /* contest_guru_20@3x.png */,
				C1F451B01F67405E0033DAEF /* contest_guru_29@2x.png */,
				C1F451B11F67405E0033DAEF /* contest_guru_29@3x.png */,
				C1F451B21F67405E0033DAEF /* contest_guru_40@2x.png */,
				C1F451B31F67405E0033DAEF /* contest_guru_60@2x.png */,
				C1F451B41F67405E0033DAEF /* contest_guru_60@3x.png */,
				C1DC0BC61F75D6FE0005014A /* contest_guru_1024.jpg */,
			);
			name = icons;
			sourceTree = "<group>";
		};
		C1F451BC1F69A2F10033DAEF /* coordinators */ = {
			isa = PBXGroup;
			children = (
				C1F451CC1F69D20B0033DAEF /* Coordinator.swift */,
				C1F451FE1F6CDAE80033DAEF /* AppCoordinator.swift */,
				C1F451BD1F69A3170033DAEF /* MainCoordinator.swift */,
				C1F451CA1F69B0F90033DAEF /* ViewContestCoordinator.swift */,
				C1F451C81F69B0EA0033DAEF /* CreateContestCoordinator.swift */,
			);
			name = coordinators;
			sourceTree = "<group>";
		};
		C1F451BF1F69AFB70033DAEF /* controllers */ = {
			isa = PBXGroup;
			children = (
				C1F451D11F6A49A70033DAEF /* BaseViewModelViewController.swift */,
				C1F451C01F69AFF40033DAEF /* MainViewController.swift */,
				C138D1941F82B92200F5E19E /* LoginWebViewController.swift */,
				C1F451C41F69B0B10033DAEF /* CreateContestViewController.swift */,
				C1F451C21F69B0A00033DAEF /* ContestViewController.swift */,
				C1F451C61F69B0D80033DAEF /* ResultsViewController.swift */,
			);
			name = controllers;
			sourceTree = "<group>";
		};
		C1F451D01F69D4CE0033DAEF /* models */ = {
			isa = PBXGroup;
			children = (
				C1F451CE1F69D4C70033DAEF /* Contest.swift */,
				C1F451DF1F6B1BAB0033DAEF /* Media.swift */,
			);
			name = models;
			sourceTree = "<group>";
		};
		C1F451D31F6A49F10033DAEF /* viewmodels */ = {
			isa = PBXGroup;
			children = (
				C1F451D41F6AE29F0033DAEF /* MainViewModel.swift */,
			);
			name = viewmodels;
			sourceTree = "<group>";
		};
		C1F451D61F6AE49B0033DAEF /* services */ = {
			isa = PBXGroup;
			children = (
				C1F451D71F6AE4B40033DAEF /* DataProvider.swift */,
				C1F451D91F6AE56A0033DAEF /* NodeDataProvider.swift */,
				C1F451DD1F6AF7220033DAEF /* TestInstagramDataProvider.swift */,
			);
			name = services;
			sourceTree = "<group>";
		};
		C1F451E51F6B3A900033DAEF /* views */ = {
			isa = PBXGroup;
			children = (
				C1F451E81F6B3AD90033DAEF /* ContestCollectionViewCell.swift */,
			);
			name = views;
			sourceTree = "<group>";
		};
		C1F451EA1F6B423F0033DAEF /* extensions */ = {
			isa = PBXGroup;
			children = (
				C1F451EB1F6B426B0033DAEF /* UIImageView+fromUrl.swift */,
				C1F451F01F6CA5390033DAEF /* UIColor+instagram.swift */,
			);
			name = extensions;
			sourceTree = "<group>";
		};
		C1F451ED1F6CA4F10033DAEF /* utils */ = {
			isa = PBXGroup;
			children = (
				C1F451EE1F6CA50D0033DAEF /* Globals.swift */,
				C138D1961F83FFB000F5E19E /* UserManager.swift */,
			);
			name = utils;
			sourceTree = "<group>";
		};
/* End PBXGroup section */

/* Begin PBXNativeTarget section */
		C1F4517B1F673DC00033DAEF /* lily */ = {
			isa = PBXNativeTarget;
			buildConfigurationList = C1F451A41F673DC00033DAEF /* Build configuration list for PBXNativeTarget "lily" */;
			buildPhases = (
				B40A4669D10A001D62A8B7F3 /* [CP] Check Pods Manifest.lock */,
				C1F451781F673DC00033DAEF /* Sources */,
				C1F451791F673DC00033DAEF /* Frameworks */,
				C1F4517A1F673DC00033DAEF /* Resources */,
				C1F451E41F6B1E230033DAEF /* Embed Frameworks */,
				2F21271379869C5549152F56 /* [CP] Embed Pods Frameworks */,
				708ABA48D9C631240ABF9CE1 /* [CP] Copy Pods Resources */,
			);
			buildRules = (
			);
			dependencies = (
			);
			name = lily;
			productName = lily;
			productReference = C1F4517C1F673DC00033DAEF /* lily.app */;
			productType = "com.apple.product-type.application";
		};
		C1F4518F1F673DC00033DAEF /* lilyTests */ = {
			isa = PBXNativeTarget;
			buildConfigurationList = C1F451A71F673DC00033DAEF /* Build configuration list for PBXNativeTarget "lilyTests" */;
			buildPhases = (
				C1F4518C1F673DC00033DAEF /* Sources */,
				C1F4518D1F673DC00033DAEF /* Frameworks */,
				C1F4518E1F673DC00033DAEF /* Resources */,
			);
			buildRules = (
			);
			dependencies = (
				C1F451921F673DC00033DAEF /* PBXTargetDependency */,
			);
			name = lilyTests;
			productName = lilyTests;
			productReference = C1F451901F673DC00033DAEF /* lilyTests.xctest */;
			productType = "com.apple.product-type.bundle.unit-test";
		};
		C1F4519A1F673DC00033DAEF /* lilyUITests */ = {
			isa = PBXNativeTarget;
			buildConfigurationList = C1F451AA1F673DC00033DAEF /* Build configuration list for PBXNativeTarget "lilyUITests" */;
			buildPhases = (
				C1F451971F673DC00033DAEF /* Sources */,
				C1F451981F673DC00033DAEF /* Frameworks */,
				C1F451991F673DC00033DAEF /* Resources */,
			);
			buildRules = (
			);
			dependencies = (
				C1F4519D1F673DC00033DAEF /* PBXTargetDependency */,
			);
			name = lilyUITests;
			productName = lilyUITests;
			productReference = C1F4519B1F673DC00033DAEF /* lilyUITests.xctest */;
			productType = "com.apple.product-type.bundle.ui-testing";
		};
/* End PBXNativeTarget section */

/* Begin PBXProject section */
		C1F451741F673DC00033DAEF /* Project object */ = {
			isa = PBXProject;
			attributes = {
				LastSwiftUpdateCheck = 0830;
				LastUpgradeCheck = 0900;
				ORGANIZATIONNAME = "Nathan Chan";
				TargetAttributes = {
					C1F4517B1F673DC00033DAEF = {
						CreatedOnToolsVersion = 8.3.3;
						DevelopmentTeam = 3S86DJ63TR;
						LastSwiftMigration = 0900;
						ProvisioningStyle = Automatic;
					};
					C1F4518F1F673DC00033DAEF = {
						CreatedOnToolsVersion = 8.3.3;
						DevelopmentTeam = 3S86DJ63TR;
						LastSwiftMigration = 0900;
						ProvisioningStyle = Automatic;
						TestTargetID = C1F4517B1F673DC00033DAEF;
					};
					C1F4519A1F673DC00033DAEF = {
						CreatedOnToolsVersion = 8.3.3;
						DevelopmentTeam = 3S86DJ63TR;
						LastSwiftMigration = 0900;
						ProvisioningStyle = Automatic;
						TestTargetID = C1F4517B1F673DC00033DAEF;
					};
				};
			};
			buildConfigurationList = C1F451771F673DC00033DAEF /* Build configuration list for PBXProject "lily" */;
			compatibilityVersion = "Xcode 3.2";
			developmentRegion = English;
			hasScannedForEncodings = 0;
			knownRegions = (
				en,
				Base,
			);
			mainGroup = C1F451731F673DC00033DAEF;
			productRefGroup = C1F4517D1F673DC00033DAEF /* Products */;
			projectDirPath = "";
			projectRoot = "";
			targets = (
				C1F4517B1F673DC00033DAEF /* lily */,
				C1F4518F1F673DC00033DAEF /* lilyTests */,
				C1F4519A1F673DC00033DAEF /* lilyUITests */,
			);
		};
/* End PBXProject section */

/* Begin PBXResourcesBuildPhase section */
		C1F4517A1F673DC00033DAEF /* Resources */ = {
			isa = PBXResourcesBuildPhase;
			buildActionMask = 2147483647;
			files = (
				C1F451B91F67405E0033DAEF /* contest_guru_40@2x.png in Resources */,
				C1F451B61F67405E0033DAEF /* contest_guru_20@3x.png in Resources */,
				C1F451B81F67405E0033DAEF /* contest_guru_29@3x.png in Resources */,
				C1F4518A1F673DC00033DAEF /* LaunchScreen.storyboard in Resources */,
				C1F452081F6F8F570033DAEF /* public-icon@2x.png in Resources */,
				C1F451871F673DC00033DAEF /* Assets.xcassets in Resources */,
				C1F452051F6F8F570033DAEF /* profile-icon.png in Resources */,
				C1F451B51F67405E0033DAEF /* contest_guru_20@2x.png in Resources */,
				C1F451BB1F67405E0033DAEF /* contest_guru_60@3x.png in Resources */,
				C1F452061F6F8F570033DAEF /* profile-icon@2x.png in Resources */,
				C1F451BA1F67405E0033DAEF /* contest_guru_60@2x.png in Resources */,
				C1F451B71F67405E0033DAEF /* contest_guru_29@2x.png in Resources */,
				C1DC0BC71F75D6FE0005014A /* contest_guru_1024.jpg in Resources */,
				C1F452091F6F8F570033DAEF /* public-icon@3x.png in Resources */,
				C1F451FD1F6CD6AA0033DAEF /* public-icon.png in Resources */,
				C1F452071F6F8F570033DAEF /* profile-icon@3x.png in Resources */,
			);
			runOnlyForDeploymentPostprocessing = 0;
		};
		C1F4518E1F673DC00033DAEF /* Resources */ = {
			isa = PBXResourcesBuildPhase;
			buildActionMask = 2147483647;
			files = (
			);
			runOnlyForDeploymentPostprocessing = 0;
		};
		C1F451991F673DC00033DAEF /* Resources */ = {
			isa = PBXResourcesBuildPhase;
			buildActionMask = 2147483647;
			files = (
			);
			runOnlyForDeploymentPostprocessing = 0;
		};
/* End PBXResourcesBuildPhase section */

/* Begin PBXShellScriptBuildPhase section */
		2F21271379869C5549152F56 /* [CP] Embed Pods Frameworks */ = {
			isa = PBXShellScriptBuildPhase;
			buildActionMask = 2147483647;
			files = (
			);
			inputPaths = (
				"${SRCROOT}/Pods/Target Support Files/Pods-lily/Pods-lily-frameworks.sh",
				"${BUILT_PRODUCTS_DIR}/Alamofire/Alamofire.framework",
				"${BUILT_PRODUCTS_DIR}/IGListKit/IGListKit.framework",
			);
			name = "[CP] Embed Pods Frameworks";
			outputPaths = (
				"${TARGET_BUILD_DIR}/${FRAMEWORKS_FOLDER_PATH}/Alamofire.framework",
				"${TARGET_BUILD_DIR}/${FRAMEWORKS_FOLDER_PATH}/IGListKit.framework",
			);
			runOnlyForDeploymentPostprocessing = 0;
			shellPath = /bin/sh;
			shellScript = "\"${SRCROOT}/Pods/Target Support Files/Pods-lily/Pods-lily-frameworks.sh\"\n";
			showEnvVarsInLog = 0;
		};
		708ABA48D9C631240ABF9CE1 /* [CP] Copy Pods Resources */ = {
			isa = PBXShellScriptBuildPhase;
			buildActionMask = 2147483647;
			files = (
			);
			inputPaths = (
			);
			name = "[CP] Copy Pods Resources";
			outputPaths = (
			);
			runOnlyForDeploymentPostprocessing = 0;
			shellPath = /bin/sh;
			shellScript = "\"${SRCROOT}/Pods/Target Support Files/Pods-lily/Pods-lily-resources.sh\"\n";
			showEnvVarsInLog = 0;
		};
		B40A4669D10A001D62A8B7F3 /* [CP] Check Pods Manifest.lock */ = {
			isa = PBXShellScriptBuildPhase;
			buildActionMask = 2147483647;
			files = (
			);
			inputPaths = (
				"${PODS_PODFILE_DIR_PATH}/Podfile.lock",
				"${PODS_ROOT}/Manifest.lock",
			);
			name = "[CP] Check Pods Manifest.lock";
			outputPaths = (
				"$(DERIVED_FILE_DIR)/Pods-lily-checkManifestLockResult.txt",
			);
			runOnlyForDeploymentPostprocessing = 0;
			shellPath = /bin/sh;
			shellScript = "diff \"${PODS_PODFILE_DIR_PATH}/Podfile.lock\" \"${PODS_ROOT}/Manifest.lock\" > /dev/null\nif [ $? != 0 ] ; then\n    # print error to STDERR\n    echo \"error: The sandbox is not in sync with the Podfile.lock. Run 'pod install' or update your CocoaPods installation.\" >&2\n    exit 1\nfi\n# This output is used by Xcode 'outputs' to avoid re-running this script phase.\necho \"SUCCESS\" > \"${SCRIPT_OUTPUT_FILE_0}\"\n";
			showEnvVarsInLog = 0;
		};
/* End PBXShellScriptBuildPhase section */

/* Begin PBXSourcesBuildPhase section */
		C1F451781F673DC00033DAEF /* Sources */ = {
			isa = PBXSourcesBuildPhase;
			buildActionMask = 2147483647;
			files = (
				C1F451FF1F6CDAE80033DAEF /* AppCoordinator.swift in Sources */,
				C1F451CF1F69D4C70033DAEF /* Contest.swift in Sources */,
				C1F451BE1F69A3170033DAEF /* MainCoordinator.swift in Sources */,
				C1F451DA1F6AE56A0033DAEF /* NodeDataProvider.swift in Sources */,
				C1F451D21F6A49A70033DAEF /* BaseViewModelViewController.swift in Sources */,
				C1F451C51F69B0B10033DAEF /* CreateContestViewController.swift in Sources */,
				C1F451C31F69B0A00033DAEF /* ContestViewController.swift in Sources */,
				C1F451EF1F6CA50D0033DAEF /* Globals.swift in Sources */,
				C1F451E01F6B1BAB0033DAEF /* Media.swift in Sources */,
				C1F451E91F6B3AD90033DAEF /* ContestCollectionViewCell.swift in Sources */,
				C138D1951F82B92200F5E19E /* LoginWebViewController.swift in Sources */,
				C1F451DE1F6AF7220033DAEF /* TestInstagramDataProvider.swift in Sources */,
				C1F0CEA41F78546500DFE5AD /* ContestSectionController.swift in Sources */,
				C1F451C91F69B0EA0033DAEF /* CreateContestCoordinator.swift in Sources */,
				C1F451801F673DC00033DAEF /* AppDelegate.swift in Sources */,
				C138D1971F83FFB000F5E19E /* UserManager.swift in Sources */,
				C1F451C11F69AFF40033DAEF /* MainViewController.swift in Sources */,
				C1F451EC1F6B426B0033DAEF /* UIImageView+fromUrl.swift in Sources */,
				C1F451CB1F69B0F90033DAEF /* ViewContestCoordinator.swift in Sources */,
				C1F451C71F69B0D80033DAEF /* ResultsViewController.swift in Sources */,
				C1F451F11F6CA5390033DAEF /* UIColor+instagram.swift in Sources */,
				C1F451CD1F69D20B0033DAEF /* Coordinator.swift in Sources */,
				C1F451D51F6AE29F0033DAEF /* MainViewModel.swift in Sources */,
				C1F451D81F6AE4B40033DAEF /* DataProvider.swift in Sources */,
			);
			runOnlyForDeploymentPostprocessing = 0;
		};
		C1F4518C1F673DC00033DAEF /* Sources */ = {
			isa = PBXSourcesBuildPhase;
			buildActionMask = 2147483647;
			files = (
				C1F451951F673DC00033DAEF /* lilyTests.swift in Sources */,
			);
			runOnlyForDeploymentPostprocessing = 0;
		};
		C1F451971F673DC00033DAEF /* Sources */ = {
			isa = PBXSourcesBuildPhase;
			buildActionMask = 2147483647;
			files = (
				C1F451A01F673DC00033DAEF /* lilyUITests.swift in Sources */,
			);
			runOnlyForDeploymentPostprocessing = 0;
		};
/* End PBXSourcesBuildPhase section */

/* Begin PBXTargetDependency section */
		C1F451921F673DC00033DAEF /* PBXTargetDependency */ = {
			isa = PBXTargetDependency;
			target = C1F4517B1F673DC00033DAEF /* lily */;
			targetProxy = C1F451911F673DC00033DAEF /* PBXContainerItemProxy */;
		};
		C1F4519D1F673DC00033DAEF /* PBXTargetDependency */ = {
			isa = PBXTargetDependency;
			target = C1F4517B1F673DC00033DAEF /* lily */;
			targetProxy = C1F4519C1F673DC00033DAEF /* PBXContainerItemProxy */;
		};
/* End PBXTargetDependency section */

/* Begin PBXVariantGroup section */
		C1F451881F673DC00033DAEF /* LaunchScreen.storyboard */ = {
			isa = PBXVariantGroup;
			children = (
				C1F451891F673DC00033DAEF /* Base */,
			);
			name = LaunchScreen.storyboard;
			sourceTree = "<group>";
		};
/* End PBXVariantGroup section */

/* Begin XCBuildConfiguration section */
		C1F451A21F673DC00033DAEF /* Debug */ = {
			isa = XCBuildConfiguration;
			buildSettings = {
				ALWAYS_SEARCH_USER_PATHS = NO;
				CLANG_ANALYZER_NONNULL = YES;
				CLANG_ANALYZER_NUMBER_OBJECT_CONVERSION = YES_AGGRESSIVE;
				CLANG_CXX_LANGUAGE_STANDARD = "gnu++0x";
				CLANG_CXX_LIBRARY = "libc++";
				CLANG_ENABLE_MODULES = YES;
				CLANG_ENABLE_OBJC_ARC = YES;
				CLANG_WARN_BLOCK_CAPTURE_AUTORELEASING = YES;
				CLANG_WARN_BOOL_CONVERSION = YES;
				CLANG_WARN_COMMA = YES;
				CLANG_WARN_CONSTANT_CONVERSION = YES;
				CLANG_WARN_DIRECT_OBJC_ISA_USAGE = YES_ERROR;
				CLANG_WARN_DOCUMENTATION_COMMENTS = YES;
				CLANG_WARN_EMPTY_BODY = YES;
				CLANG_WARN_ENUM_CONVERSION = YES;
				CLANG_WARN_INFINITE_RECURSION = YES;
				CLANG_WARN_INT_CONVERSION = YES;
				CLANG_WARN_NON_LITERAL_NULL_CONVERSION = YES;
				CLANG_WARN_OBJC_LITERAL_CONVERSION = YES;
				CLANG_WARN_OBJC_ROOT_CLASS = YES_ERROR;
				CLANG_WARN_RANGE_LOOP_ANALYSIS = YES;
				CLANG_WARN_STRICT_PROTOTYPES = YES;
				CLANG_WARN_SUSPICIOUS_MOVE = YES;
				CLANG_WARN_UNREACHABLE_CODE = YES;
				CLANG_WARN__DUPLICATE_METHOD_MATCH = YES;
				"CODE_SIGN_IDENTITY[sdk=iphoneos*]" = "iPhone Developer";
				COPY_PHASE_STRIP = NO;
				DEBUG_INFORMATION_FORMAT = dwarf;
				ENABLE_STRICT_OBJC_MSGSEND = YES;
				ENABLE_TESTABILITY = YES;
				GCC_C_LANGUAGE_STANDARD = gnu99;
				GCC_DYNAMIC_NO_PIC = NO;
				GCC_NO_COMMON_BLOCKS = YES;
				GCC_OPTIMIZATION_LEVEL = 0;
				GCC_PREPROCESSOR_DEFINITIONS = (
					"DEBUG=1",
					"$(inherited)",
				);
				GCC_WARN_64_TO_32_BIT_CONVERSION = YES;
				GCC_WARN_ABOUT_RETURN_TYPE = YES_ERROR;
				GCC_WARN_UNDECLARED_SELECTOR = YES;
				GCC_WARN_UNINITIALIZED_AUTOS = YES_AGGRESSIVE;
				GCC_WARN_UNUSED_FUNCTION = YES;
				GCC_WARN_UNUSED_VARIABLE = YES;
				IPHONEOS_DEPLOYMENT_TARGET = 10.3;
				MTL_ENABLE_DEBUG_INFO = YES;
				ONLY_ACTIVE_ARCH = YES;
				SDKROOT = iphoneos;
				SWIFT_ACTIVE_COMPILATION_CONDITIONS = DEBUG;
				SWIFT_OPTIMIZATION_LEVEL = "-Onone";
			};
			name = Debug;
		};
		C1F451A31F673DC00033DAEF /* Release */ = {
			isa = XCBuildConfiguration;
			buildSettings = {
				ALWAYS_SEARCH_USER_PATHS = NO;
				CLANG_ANALYZER_NONNULL = YES;
				CLANG_ANALYZER_NUMBER_OBJECT_CONVERSION = YES_AGGRESSIVE;
				CLANG_CXX_LANGUAGE_STANDARD = "gnu++0x";
				CLANG_CXX_LIBRARY = "libc++";
				CLANG_ENABLE_MODULES = YES;
				CLANG_ENABLE_OBJC_ARC = YES;
				CLANG_WARN_BLOCK_CAPTURE_AUTORELEASING = YES;
				CLANG_WARN_BOOL_CONVERSION = YES;
				CLANG_WARN_COMMA = YES;
				CLANG_WARN_CONSTANT_CONVERSION = YES;
				CLANG_WARN_DIRECT_OBJC_ISA_USAGE = YES_ERROR;
				CLANG_WARN_DOCUMENTATION_COMMENTS = YES;
				CLANG_WARN_EMPTY_BODY = YES;
				CLANG_WARN_ENUM_CONVERSION = YES;
				CLANG_WARN_INFINITE_RECURSION = YES;
				CLANG_WARN_INT_CONVERSION = YES;
				CLANG_WARN_NON_LITERAL_NULL_CONVERSION = YES;
				CLANG_WARN_OBJC_LITERAL_CONVERSION = YES;
				CLANG_WARN_OBJC_ROOT_CLASS = YES_ERROR;
				CLANG_WARN_RANGE_LOOP_ANALYSIS = YES;
				CLANG_WARN_STRICT_PROTOTYPES = YES;
				CLANG_WARN_SUSPICIOUS_MOVE = YES;
				CLANG_WARN_UNREACHABLE_CODE = YES;
				CLANG_WARN__DUPLICATE_METHOD_MATCH = YES;
				"CODE_SIGN_IDENTITY[sdk=iphoneos*]" = "iPhone Developer";
				COPY_PHASE_STRIP = NO;
				DEBUG_INFORMATION_FORMAT = "dwarf-with-dsym";
				ENABLE_NS_ASSERTIONS = NO;
				ENABLE_STRICT_OBJC_MSGSEND = YES;
				GCC_C_LANGUAGE_STANDARD = gnu99;
				GCC_NO_COMMON_BLOCKS = YES;
				GCC_WARN_64_TO_32_BIT_CONVERSION = YES;
				GCC_WARN_ABOUT_RETURN_TYPE = YES_ERROR;
				GCC_WARN_UNDECLARED_SELECTOR = YES;
				GCC_WARN_UNINITIALIZED_AUTOS = YES_AGGRESSIVE;
				GCC_WARN_UNUSED_FUNCTION = YES;
				GCC_WARN_UNUSED_VARIABLE = YES;
				IPHONEOS_DEPLOYMENT_TARGET = 10.3;
				MTL_ENABLE_DEBUG_INFO = NO;
				SDKROOT = iphoneos;
				SWIFT_OPTIMIZATION_LEVEL = "-Owholemodule";
				VALIDATE_PRODUCT = YES;
			};
			name = Release;
		};
		C1F451A51F673DC00033DAEF /* Debug */ = {
			isa = XCBuildConfiguration;
			baseConfigurationReference = 3697ADDDEF4FB8CF1CC450D6 /* Pods-lily.debug.xcconfig */;
			buildSettings = {
				ASSETCATALOG_COMPILER_APPICON_NAME = AppIcon;
				DEVELOPMENT_TEAM = 3S86DJ63TR;
				INFOPLIST_FILE = lily/Info.plist;
				LD_RUNPATH_SEARCH_PATHS = "$(inherited) @executable_path/Frameworks";
				PRODUCT_BUNDLE_IDENTIFIER = com.nathanchan.lily;
				PRODUCT_NAME = "$(TARGET_NAME)";
				SWIFT_SWIFT3_OBJC_INFERENCE = Default;
				SWIFT_VERSION = 4.0;
			};
			name = Debug;
		};
		C1F451A61F673DC00033DAEF /* Release */ = {
			isa = XCBuildConfiguration;
			baseConfigurationReference = 55F87B504469E9E8CB0AC8F2 /* Pods-lily.release.xcconfig */;
			buildSettings = {
				ASSETCATALOG_COMPILER_APPICON_NAME = AppIcon;
				DEVELOPMENT_TEAM = 3S86DJ63TR;
				INFOPLIST_FILE = lily/Info.plist;
				LD_RUNPATH_SEARCH_PATHS = "$(inherited) @executable_path/Frameworks";
				PRODUCT_BUNDLE_IDENTIFIER = com.nathanchan.lily;
				PRODUCT_NAME = "$(TARGET_NAME)";
				SWIFT_SWIFT3_OBJC_INFERENCE = Default;
				SWIFT_VERSION = 4.0;
			};
			name = Release;
		};
		C1F451A81F673DC00033DAEF /* Debug */ = {
			isa = XCBuildConfiguration;
			buildSettings = {
				ALWAYS_EMBED_SWIFT_STANDARD_LIBRARIES = YES;
				BUNDLE_LOADER = "$(TEST_HOST)";
				DEVELOPMENT_TEAM = 3S86DJ63TR;
				INFOPLIST_FILE = lilyTests/Info.plist;
				LD_RUNPATH_SEARCH_PATHS = "$(inherited) @executable_path/Frameworks @loader_path/Frameworks";
				PRODUCT_BUNDLE_IDENTIFIER = com.nathanchan.lilyTests;
				PRODUCT_NAME = "$(TARGET_NAME)";
				SWIFT_SWIFT3_OBJC_INFERENCE = On;
				SWIFT_VERSION = 4.0;
				TEST_HOST = "$(BUILT_PRODUCTS_DIR)/lily.app/lily";
			};
			name = Debug;
		};
		C1F451A91F673DC00033DAEF /* Release */ = {
			isa = XCBuildConfiguration;
			buildSettings = {
				ALWAYS_EMBED_SWIFT_STANDARD_LIBRARIES = YES;
				BUNDLE_LOADER = "$(TEST_HOST)";
				DEVELOPMENT_TEAM = 3S86DJ63TR;
				INFOPLIST_FILE = lilyTests/Info.plist;
				LD_RUNPATH_SEARCH_PATHS = "$(inherited) @executable_path/Frameworks @loader_path/Frameworks";
				PRODUCT_BUNDLE_IDENTIFIER = com.nathanchan.lilyTests;
				PRODUCT_NAME = "$(TARGET_NAME)";
				SWIFT_SWIFT3_OBJC_INFERENCE = On;
				SWIFT_VERSION = 4.0;
				TEST_HOST = "$(BUILT_PRODUCTS_DIR)/lily.app/lily";
			};
			name = Release;
		};
		C1F451AB1F673DC00033DAEF /* Debug */ = {
			isa = XCBuildConfiguration;
			buildSettings = {
				ALWAYS_EMBED_SWIFT_STANDARD_LIBRARIES = YES;
				DEVELOPMENT_TEAM = 3S86DJ63TR;
				INFOPLIST_FILE = lilyUITests/Info.plist;
				LD_RUNPATH_SEARCH_PATHS = "$(inherited) @executable_path/Frameworks @loader_path/Frameworks";
				PRODUCT_BUNDLE_IDENTIFIER = com.nathanchan.lilyUITests;
				PRODUCT_NAME = "$(TARGET_NAME)";
				SWIFT_SWIFT3_OBJC_INFERENCE = On;
				SWIFT_VERSION = 4.0;
				TEST_TARGET_NAME = lily;
			};
			name = Debug;
		};
		C1F451AC1F673DC00033DAEF /* Release */ = {
			isa = XCBuildConfiguration;
			buildSettings = {
				ALWAYS_EMBED_SWIFT_STANDARD_LIBRARIES = YES;
				DEVELOPMENT_TEAM = 3S86DJ63TR;
				INFOPLIST_FILE = lilyUITests/Info.plist;
				LD_RUNPATH_SEARCH_PATHS = "$(inherited) @executable_path/Frameworks @loader_path/Frameworks";
				PRODUCT_BUNDLE_IDENTIFIER = com.nathanchan.lilyUITests;
				PRODUCT_NAME = "$(TARGET_NAME)";
				SWIFT_SWIFT3_OBJC_INFERENCE = On;
				SWIFT_VERSION = 4.0;
				TEST_TARGET_NAME = lily;
			};
			name = Release;
		};
/* End XCBuildConfiguration section */

/* Begin XCConfigurationList section */
		C1F451771F673DC00033DAEF /* Build configuration list for PBXProject "lily" */ = {
			isa = XCConfigurationList;
			buildConfigurations = (
				C1F451A21F673DC00033DAEF /* Debug */,
				C1F451A31F673DC00033DAEF /* Release */,
			);
			defaultConfigurationIsVisible = 0;
			defaultConfigurationName = Release;
		};
		C1F451A41F673DC00033DAEF /* Build configuration list for PBXNativeTarget "lily" */ = {
			isa = XCConfigurationList;
			buildConfigurations = (
				C1F451A51F673DC00033DAEF /* Debug */,
				C1F451A61F673DC00033DAEF /* Release */,
			);
			defaultConfigurationIsVisible = 0;
			defaultConfigurationName = Release;
		};
		C1F451A71F673DC00033DAEF /* Build configuration list for PBXNativeTarget "lilyTests" */ = {
			isa = XCConfigurationList;
			buildConfigurations = (
				C1F451A81F673DC00033DAEF /* Debug */,
				C1F451A91F673DC00033DAEF /* Release */,
			);
			defaultConfigurationIsVisible = 0;
			defaultConfigurationName = Release;
		};
		C1F451AA1F673DC00033DAEF /* Build configuration list for PBXNativeTarget "lilyUITests" */ = {
			isa = XCConfigurationList;
			buildConfigurations = (
				C1F451AB1F673DC00033DAEF /* Debug */,
				C1F451AC1F673DC00033DAEF /* Release */,
			);
			defaultConfigurationIsVisible = 0;
			defaultConfigurationName = Release;
		};
/* End XCConfigurationList section */
	};
	rootObject = C1F451741F673DC00033DAEF /* Project object */;
}
